
Microsoft Visual Studio Solution File, Format Version 11.00
# Visual Studio 2010
Project("{8BC9CEB8-8B4A-11D0-8D11-00A0C91BC942}") = "Bryzik_Mateusz_Program_01", "Bryzik_Mateusz_Program_01\Bryzik_Mateusz_Program_01.vcxproj", "{EDD94286-B604-4141-A9AE-C9B8F8BE3523}"
EndProject
Global
	GlobalSection(SolutionConfigurationPlatforms) = preSolution
		Debug|Win32 = Debug|Win32
		Release|Win32 = Release|Win32
	EndGlobalSection
	GlobalSection(ProjectConfigurationPlatforms) = postSolution
		{EDD94286-B604-4141-A9AE-C9B8F8BE3523}.Debug|Win32.ActiveCfg = Debug|Win32
		{EDD94286-B604-4141-A9AE-C9B8F8BE3523}.Debug|Win32.Build.0 = Debug|Win32
		{EDD94286-B604-4141-A9AE-C9B8F8BE3523}.Release|Win32.ActiveCfg = Release|Win32
		{EDD94286-B604-4141-A9AE-C9B8F8BE3523}.Release|Win32.Build.0 = Release|Win32
	EndGlobalSection
	GlobalSection(SolutionProperties) = preSolution
		HideSolutionNode = FALSE
	EndGlobalSection
EndGlobal
